GIT
  remote: git@github.com:rbeasse/town-portal.git
  revision: 43a05268fe9e7bb328a811619993b939a2ebcdc8
  branch: main
  specs:
    town-portal (0.1.1)
      json (>= 2, < 3)
      net-http (>= 0.4, < 1)

GIT
  remote: https://github.com/rbeasse/charsi.git
  revision: b0d2c6a54df0276c16883aa5815b57a7246d165b
  ref: b0d2c6a54df0276c16883aa5815b57a7246d165b
  specs:
    charsi (0.1.6)
      filewatcher (~> 3.0)
      logger (~> 1.6)
      tailwindcss-ruby (~> 4.1)
      tilt (~> 2.6)
      webrick (~> 1.9)

GEM
  remote: https://rubygems.org/
  specs:
    filewatcher (3.0.1)
      logger (~> 1.7)
      module_methods (~> 1.0)
    json (2.21.2)
    logger (1.7.0)
    minitest (5.27.0)
    module_methods (1.0.0)
    net-http (0.9.1)
      uri (>= 0.11.1)
    tailwindcss-ruby (4.2.1)
    tailwindcss-ruby (4.2.1-aarch64-linux-gnu)
    tailwindcss-ruby (4.2.1-aarch64-linux-musl)
    tailwindcss-ruby (4.2.1-arm64-darwin)
    tailwindcss-ruby (4.2.1-x86_64-darwin)
    tailwindcss-ruby (4.2.1-x86_64-linux-gnu)
    tailwindcss-ruby (4.2.1-x86_64-linux-musl)
    tilt (2.7.0)
    uri (1.1.1)
    webrick (1.9.2)

PLATFORMS
  aarch64-linux-gnu
  aarch64-linux-musl
  arm64-darwin
  ruby
  x86_64-darwin
  x86_64-linux-gnu
  x86_64-linux-musl

DEPENDENCIES
  charsi!
  minitest (~> 5.0)
  town-portal!

BUNDLED WITH
   2.6.8
