GIT
  remote: git@github.com:rbeasse/town-portal.git
  revision: 52e5e222663eb5b07a4e75e9fbdb289b338d915c
  branch: main
  specs:
    town-portal (0.1.1)
      httparty (~> 0.24)
      json (>= 2, < 3)

GIT
  remote: https://github.com/rbeasse/charsi.git
  revision: b0d2c6a54df0276c16883aa5815b57a7246d165b
  ref: b0d2c6a54df0276c16883aa5815b57a7246d165b
  specs:
    charsi (0.1.6)
      filewatcher (~> 3.0)
      logger (~> 1.6)
      tailwindcss-ruby (~> 4.1)
      tilt (~> 2.6)
      webrick (~> 1.9)

GEM
  remote: https://rubygems.org/
  specs:
    bigdecimal (4.1.2)
    csv (3.3.6)
    filewatcher (3.0.1)
      logger (~> 1.7)
      module_methods (~> 1.0)
    httparty (0.24.2)
      csv
      mini_mime (>= 1.0.0)
      multi_xml (>= 0.5.2)
    json (2.21.2)
    logger (1.7.0)
    mini_mime (1.1.5)
    minitest (5.27.0)
    module_methods (1.0.0)
    multi_xml (0.9.1)
      bigdecimal (>= 3.1, < 5)
    tailwindcss-ruby (4.2.1)
    tailwindcss-ruby (4.2.1-aarch64-linux-gnu)
    tailwindcss-ruby (4.2.1-aarch64-linux-musl)
    tailwindcss-ruby (4.2.1-arm64-darwin)
    tailwindcss-ruby (4.2.1-x86_64-darwin)
    tailwindcss-ruby (4.2.1-x86_64-linux-gnu)
    tailwindcss-ruby (4.2.1-x86_64-linux-musl)
    tilt (2.7.0)
    webrick (1.9.2)

PLATFORMS
  aarch64-linux-gnu
  aarch64-linux-musl
  arm64-darwin
  ruby
  x86_64-darwin
  x86_64-linux-gnu
  x86_64-linux-musl

DEPENDENCIES
  charsi!
  minitest (~> 5.0)
  town-portal!

BUNDLED WITH
   2.6.8
